// !$*UTF8*$!
{
	archiveVersion = 1;
	classes = {
	};
	objectVersion = 46;
	objects = {

/* Begin PBXBuildFile section */
		FE4294D619C5DDD40078EFE4 /* TipsCalculatorViewController.swift in Sources */ = {isa = PBXBuildFile; fileRef = FE4294D519C5DDD40078EFE4 /* TipsCalculatorViewController.swift */; };
		FE496C0319C47D4C0003A29A /* DefaultInfo.swift in Sources */ = {isa = PBXBuildFile; fileRef = FE496C0219C47D4C0003A29A /* DefaultInfo.swift */; };
		FE496C0519C47E8F0003A29A /* ArticleViewController.swift in Sources */ = {isa = PBXBuildFile; fileRef = FE496C0419C47E8F0003A29A /* ArticleViewController.swift */; };
		FE496C0719C480AC0003A29A /* 1.1.4权威解读泰晤士报大学排名 （互联网）.json in Resources */ = {isa = PBXBuildFile; fileRef = FE496C0619C480AC0003A29A /* 1.1.4权威解读泰晤士报大学排名 （互联网）.json */; };
		FE4E2AFF19C48F8E0096AD86 /* ArticleTableViewCell.swift in Sources */ = {isa = PBXBuildFile; fileRef = FE4E2AFE19C48F8E0096AD86 /* ArticleTableViewCell.swift */; };
		FE4E2B0119C48FA40096AD86 /* ArticleTableViewSectionCell.swift in Sources */ = {isa = PBXBuildFile; fileRef = FE4E2B0019C48FA40096AD86 /* ArticleTableViewSectionCell.swift */; };
		FE4E2B0319C48FAF0096AD86 /* ArticleTableViewGraphCell.swift in Sources */ = {isa = PBXBuildFile; fileRef = FE4E2B0219C48FAF0096AD86 /* ArticleTableViewGraphCell.swift */; };
		FE4E2B0519C48FBD0096AD86 /* ArticleTableViewItemCell.swift in Sources */ = {isa = PBXBuildFile; fileRef = FE4E2B0419C48FBD0096AD86 /* ArticleTableViewItemCell.swift */; };
		FE5761BD19BD4B6C00574EE1 /* ToolsViewController.swift in Sources */ = {isa = PBXBuildFile; fileRef = FE5761BC19BD4B6C00574EE1 /* ToolsViewController.swift */; };
		FE5B1F9019B4033B00842C3D /* AppDelegate.swift in Sources */ = {isa = PBXBuildFile; fileRef = FE5B1F8F19B4033B00842C3D /* AppDelegate.swift */; };
		FE5B1F9519B4033B00842C3D /* Main.storyboard in Resources */ = {isa = PBXBuildFile; fileRef = FE5B1F9319B4033B00842C3D /* Main.storyboard */; };
		FE5B1F9719B4033B00842C3D /* Images.xcassets in Resources */ = {isa = PBXBuildFile; fileRef = FE5B1F9619B4033B00842C3D /* Images.xcassets */; };
		FE5B1FA319B4033B00842C3D /* Wassail_Client_iOSTests.swift in Sources */ = {isa = PBXBuildFile; fileRef = FE5B1FA219B4033B00842C3D /* Wassail_Client_iOSTests.swift */; };
		FE8D81AC19C448AF00CE6174 /* ListTableViewCell.swift in Sources */ = {isa = PBXBuildFile; fileRef = FE8D81AB19C448AF00CE6174 /* ListTableViewCell.swift */; };
		FE8D81AF19C4499600CE6174 /* HLItemPreview.swift in Sources */ = {isa = PBXBuildFile; fileRef = FE8D81AE19C4499600CE6174 /* HLItemPreview.swift */; };
		FE8D81B119C44ADE00CE6174 /* ListTableView88Cell.swift in Sources */ = {isa = PBXBuildFile; fileRef = FE8D81B019C44ADE00CE6174 /* ListTableView88Cell.swift */; };
		FE8D81B319C44B1B00CE6174 /* ListTableView64Cell.swift in Sources */ = {isa = PBXBuildFile; fileRef = FE8D81B219C44B1B00CE6174 /* ListTableView64Cell.swift */; };
		FE8D81B519C44B2900CE6174 /* ListTableView54Cell.swift in Sources */ = {isa = PBXBuildFile; fileRef = FE8D81B419C44B2900CE6174 /* ListTableView54Cell.swift */; };
		FE8D81B719C44B3300CE6174 /* ListTableView44Cell.swift in Sources */ = {isa = PBXBuildFile; fileRef = FE8D81B619C44B3300CE6174 /* ListTableView44Cell.swift */; };
		FE8D81B919C467E100CE6174 /* 1世界大学排名.json in Resources */ = {isa = PBXBuildFile; fileRef = FE8D81B819C467E100CE6174 /* 1世界大学排名.json */; };
		FE8D81BB19C476E200CE6174 /* HLArticle.swift in Sources */ = {isa = PBXBuildFile; fileRef = FE8D81BA19C476E200CE6174 /* HLArticle.swift */; };
		FE8D81BD19C47A0000CE6174 /* HLArticlePreview.swift in Sources */ = {isa = PBXBuildFile; fileRef = FE8D81BC19C47A0000CE6174 /* HLArticlePreview.swift */; };
		FEA5A90C19BD565D0048AF6A /* ToolsTableViewCell.swift in Sources */ = {isa = PBXBuildFile; fileRef = FEA5A90B19BD565D0048AF6A /* ToolsTableViewCell.swift */; };
		FEC37C7F19C2E1AF00CBD2C9 /* UIColorExtension.swift in Sources */ = {isa = PBXBuildFile; fileRef = FEC37C7E19C2E1AF00CBD2C9 /* UIColorExtension.swift */; };
		FEC3BD4A19C289AD00184760 /* HLList.swift in Sources */ = {isa = PBXBuildFile; fileRef = FEC3BD4919C289AD00184760 /* HLList.swift */; };
		FEC3BD4E19C28AD400184760 /* HLItem.swift in Sources */ = {isa = PBXBuildFile; fileRef = FEC3BD4D19C28AD400184760 /* HLItem.swift */; };
		FEC3BD5019C2945800184760 /* 大学排名.json in Resources */ = {isa = PBXBuildFile; fileRef = FEC3BD4F19C2945800184760 /* 大学排名.json */; };
		FEC3BD5219C2948300184760 /* ListViewController.swift in Sources */ = {isa = PBXBuildFile; fileRef = FEC3BD5119C2948300184760 /* ListViewController.swift */; };
		FEC3BD5519C298D100184760 /* DefaultAccessor.swift in Sources */ = {isa = PBXBuildFile; fileRef = FEC3BD5419C298D100184760 /* DefaultAccessor.swift */; };
		FEC3BD5919C29DBA00184760 /* ListInfo.swift in Sources */ = {isa = PBXBuildFile; fileRef = FEC3BD5819C29DBA00184760 /* ListInfo.swift */; };
		FEC3BD5B19C29DE300184760 /* DefaultMapper.swift in Sources */ = {isa = PBXBuildFile; fileRef = FEC3BD5A19C29DE300184760 /* DefaultMapper.swift */; };
		FEC3BD5D19C29E0A00184760 /* AWSAdapter.swift in Sources */ = {isa = PBXBuildFile; fileRef = FEC3BD5C19C29E0A00184760 /* AWSAdapter.swift */; };
		FEC3BD5F19C29E2300184760 /* LocalAdapter.swift in Sources */ = {isa = PBXBuildFile; fileRef = FEC3BD5E19C29E2300184760 /* LocalAdapter.swift */; };
		FEC3BD6219C2C90600184760 /* UIViewControllerExtension.swift in Sources */ = {isa = PBXBuildFile; fileRef = FEC3BD6119C2C90600184760 /* UIViewControllerExtension.swift */; };
		FEC3BD6419C2CA9300184760 /* ToolsInfo.swift in Sources */ = {isa = PBXBuildFile; fileRef = FEC3BD6319C2CA9300184760 /* ToolsInfo.swift */; };
		FEC3BD6619C2CC5A00184760 /* Tools.json in Resources */ = {isa = PBXBuildFile; fileRef = FEC3BD6519C2CC5A00184760 /* Tools.json */; };
		FEC3BD6819C2CEA500184760 /* RKInfoSyncSystem.swift in Sources */ = {isa = PBXBuildFile; fileRef = FEC3BD6719C2CEA500184760 /* RKInfoSyncSystem.swift */; };
		FEC7734319C43B3F00E15DF2 /* HLListPreview.swift in Sources */ = {isa = PBXBuildFile; fileRef = FEC7734219C43B3F00E15DF2 /* HLListPreview.swift */; };
		FEC7734519C43E0300E15DF2 /* HLItemBuilder.swift in Sources */ = {isa = PBXBuildFile; fileRef = FEC7734419C43E0300E15DF2 /* HLItemBuilder.swift */; };
		FECBB60019BDFE2800115694 /* RKTableHeaderView.swift in Sources */ = {isa = PBXBuildFile; fileRef = FECBB5FF19BDFE2800115694 /* RKTableHeaderView.swift */; };
		FECBB60219BDFE4100115694 /* RKTableHeaderView.xib in Resources */ = {isa = PBXBuildFile; fileRef = FECBB60119BDFE4100115694 /* RKTableHeaderView.xib */; };
		FECBB60519BE093B00115694 /* RKNumericLabel.swift in Sources */ = {isa = PBXBuildFile; fileRef = FECBB60419BE093B00115694 /* RKNumericLabel.swift */; };
		FEDC98DC19BDB03800CA815F /* UnitConverterViewController.swift in Sources */ = {isa = PBXBuildFile; fileRef = FEDC98DB19BDB03800CA815F /* UnitConverterViewController.swift */; };
		FEDC98DE19BDDEA800CA815F /* UnitConverterTableViewCell.swift in Sources */ = {isa = PBXBuildFile; fileRef = FEDC98DD19BDDEA800CA815F /* UnitConverterTableViewCell.swift */; };
		FEE0CEFC19C4AB3D0039A8E9 /* SizeConverterViewController.swift in Sources */ = {isa = PBXBuildFile; fileRef = FEE0CEFB19C4AB3D0039A8E9 /* SizeConverterViewController.swift */; };
		FEE0CEFE19C4AC720039A8E9 /* SizeConverterTableViewCell.swift in Sources */ = {isa = PBXBuildFile; fileRef = FEE0CEFD19C4AC720039A8E9 /* SizeConverterTableViewCell.swift */; };
/* End PBXBuildFile section */

/* Begin PBXContainerItemProxy section */
		FE5B1F9D19B4033B00842C3D /* PBXContainerItemProxy */ = {
			isa = PBXContainerItemProxy;
			containerPortal = FE5B1F8219B4033B00842C3D /* Project object */;
			proxyType = 1;
			remoteGlobalIDString = FE5B1F8919B4033B00842C3D;
			remoteInfo = "Wassail-Client-iOS";
		};
/* End PBXContainerItemProxy section */

/* Begin PBXFileReference section */
		FE4294D519C5DDD40078EFE4 /* TipsCalculatorViewController.swift */ = {isa = PBXFileReference; fileEncoding = 4; lastKnownFileType = sourcecode.swift; path = TipsCalculatorViewController.swift; sourceTree = "<group>"; };
		FE496C0219C47D4C0003A29A /* DefaultInfo.swift */ = {isa = PBXFileReference; fileEncoding = 4; lastKnownFileType = sourcecode.swift; path = DefaultInfo.swift; sourceTree = "<group>"; };
		FE496C0419C47E8F0003A29A /* ArticleViewController.swift */ = {isa = PBXFileReference; fileEncoding = 4; lastKnownFileType = sourcecode.swift; path = ArticleViewController.swift; sourceTree = "<group>"; };
		FE496C0619C480AC0003A29A /* 1.1.4权威解读泰晤士报大学排名 （互联网）.json */ = {isa = PBXFileReference; fileEncoding = 4; lastKnownFileType = text.json; path = "1.1.4权威解读泰晤士报大学排名 （互联网）.json"; sourceTree = "<group>"; };
		FE4E2AFE19C48F8E0096AD86 /* ArticleTableViewCell.swift */ = {isa = PBXFileReference; fileEncoding = 4; lastKnownFileType = sourcecode.swift; path = ArticleTableViewCell.swift; sourceTree = "<group>"; };
		FE4E2B0019C48FA40096AD86 /* ArticleTableViewSectionCell.swift */ = {isa = PBXFileReference; fileEncoding = 4; lastKnownFileType = sourcecode.swift; path = ArticleTableViewSectionCell.swift; sourceTree = "<group>"; };
		FE4E2B0219C48FAF0096AD86 /* ArticleTableViewGraphCell.swift */ = {isa = PBXFileReference; fileEncoding = 4; lastKnownFileType = sourcecode.swift; path = ArticleTableViewGraphCell.swift; sourceTree = "<group>"; };
		FE4E2B0419C48FBD0096AD86 /* ArticleTableViewItemCell.swift */ = {isa = PBXFileReference; fileEncoding = 4; lastKnownFileType = sourcecode.swift; path = ArticleTableViewItemCell.swift; sourceTree = "<group>"; };
		FE5761BC19BD4B6C00574EE1 /* ToolsViewController.swift */ = {isa = PBXFileReference; fileEncoding = 4; lastKnownFileType = sourcecode.swift; path = ToolsViewController.swift; sourceTree = "<group>"; };
		FE5B1F8A19B4033B00842C3D /* Wassail-Client-iOS.app */ = {isa = PBXFileReference; explicitFileType = wrapper.application; includeInIndex = 0; path = "Wassail-Client-iOS.app"; sourceTree = BUILT_PRODUCTS_DIR; };
		FE5B1F8E19B4033B00842C3D /* Info.plist */ = {isa = PBXFileReference; lastKnownFileType = text.plist.xml; path = Info.plist; sourceTree = "<group>"; };
		FE5B1F8F19B4033B00842C3D /* AppDelegate.swift */ = {isa = PBXFileReference; lastKnownFileType = sourcecode.swift; path = AppDelegate.swift; sourceTree = "<group>"; };
		FE5B1F9419B4033B00842C3D /* Base */ = {isa = PBXFileReference; lastKnownFileType = file.storyboard; name = Base; path = Base.lproj/Main.storyboard; sourceTree = "<group>"; };
		FE5B1F9619B4033B00842C3D /* Images.xcassets */ = {isa = PBXFileReference; lastKnownFileType = folder.assetcatalog; path = Images.xcassets; sourceTree = "<group>"; };
		FE5B1F9C19B4033B00842C3D /* Wassail-Client-iOSTests.xctest */ = {isa = PBXFileReference; explicitFileType = wrapper.cfbundle; includeInIndex = 0; path = "Wassail-Client-iOSTests.xctest"; sourceTree = BUILT_PRODUCTS_DIR; };
		FE5B1FA119B4033B00842C3D /* Info.plist */ = {isa = PBXFileReference; lastKnownFileType = text.plist.xml; path = Info.plist; sourceTree = "<group>"; };
		FE5B1FA219B4033B00842C3D /* Wassail_Client_iOSTests.swift */ = {isa = PBXFileReference; lastKnownFileType = sourcecode.swift; path = Wassail_Client_iOSTests.swift; sourceTree = "<group>"; };
		FE8D81AB19C448AF00CE6174 /* ListTableViewCell.swift */ = {isa = PBXFileReference; fileEncoding = 4; lastKnownFileType = sourcecode.swift; path = ListTableViewCell.swift; sourceTree = "<group>"; };
		FE8D81AE19C4499600CE6174 /* HLItemPreview.swift */ = {isa = PBXFileReference; fileEncoding = 4; lastKnownFileType = sourcecode.swift; path = HLItemPreview.swift; sourceTree = "<group>"; };
		FE8D81B019C44ADE00CE6174 /* ListTableView88Cell.swift */ = {isa = PBXFileReference; fileEncoding = 4; lastKnownFileType = sourcecode.swift; path = ListTableView88Cell.swift; sourceTree = "<group>"; };
		FE8D81B219C44B1B00CE6174 /* ListTableView64Cell.swift */ = {isa = PBXFileReference; fileEncoding = 4; lastKnownFileType = sourcecode.swift; path = ListTableView64Cell.swift; sourceTree = "<group>"; };
		FE8D81B419C44B2900CE6174 /* ListTableView54Cell.swift */ = {isa = PBXFileReference; fileEncoding = 4; lastKnownFileType = sourcecode.swift; path = ListTableView54Cell.swift; sourceTree = "<group>"; };
		FE8D81B619C44B3300CE6174 /* ListTableView44Cell.swift */ = {isa = PBXFileReference; fileEncoding = 4; lastKnownFileType = sourcecode.swift; path = ListTableView44Cell.swift; sourceTree = "<group>"; };
		FE8D81B819C467E100CE6174 /* 1世界大学排名.json */ = {isa = PBXFileReference; fileEncoding = 4; lastKnownFileType = text.json; path = "1世界大学排名.json"; sourceTree = "<group>"; };
		FE8D81BA19C476E200CE6174 /* HLArticle.swift */ = {isa = PBXFileReference; fileEncoding = 4; lastKnownFileType = sourcecode.swift; path = HLArticle.swift; sourceTree = "<group>"; };
		FE8D81BC19C47A0000CE6174 /* HLArticlePreview.swift */ = {isa = PBXFileReference; fileEncoding = 4; lastKnownFileType = sourcecode.swift; path = HLArticlePreview.swift; sourceTree = "<group>"; };
		FEA5A90B19BD565D0048AF6A /* ToolsTableViewCell.swift */ = {isa = PBXFileReference; fileEncoding = 4; lastKnownFileType = sourcecode.swift; path = ToolsTableViewCell.swift; sourceTree = "<group>"; };
		FEC37C7E19C2E1AF00CBD2C9 /* UIColorExtension.swift */ = {isa = PBXFileReference; fileEncoding = 4; lastKnownFileType = sourcecode.swift; path = UIColorExtension.swift; sourceTree = "<group>"; };
		FEC3BD4919C289AD00184760 /* HLList.swift */ = {isa = PBXFileReference; fileEncoding = 4; lastKnownFileType = sourcecode.swift; path = HLList.swift; sourceTree = "<group>"; };
		FEC3BD4D19C28AD400184760 /* HLItem.swift */ = {isa = PBXFileReference; fileEncoding = 4; lastKnownFileType = sourcecode.swift; name = HLItem.swift; path = ../HLItem.swift; sourceTree = "<group>"; };
		FEC3BD4F19C2945800184760 /* 大学排名.json */ = {isa = PBXFileReference; fileEncoding = 4; lastKnownFileType = text.json; path = "大学排名.json"; sourceTree = "<group>"; };
		FEC3BD5119C2948300184760 /* ListViewController.swift */ = {isa = PBXFileReference; fileEncoding = 4; lastKnownFileType = sourcecode.swift; path = ListViewController.swift; sourceTree = "<group>"; };
		FEC3BD5419C298D100184760 /* DefaultAccessor.swift */ = {isa = PBXFileReference; fileEncoding = 4; lastKnownFileType = sourcecode.swift; path = DefaultAccessor.swift; sourceTree = "<group>"; };
		FEC3BD5819C29DBA00184760 /* ListInfo.swift */ = {isa = PBXFileReference; fileEncoding = 4; lastKnownFileType = sourcecode.swift; path = ListInfo.swift; sourceTree = "<group>"; };
		FEC3BD5A19C29DE300184760 /* DefaultMapper.swift */ = {isa = PBXFileReference; fileEncoding = 4; lastKnownFileType = sourcecode.swift; path = DefaultMapper.swift; sourceTree = "<group>"; };
		FEC3BD5C19C29E0A00184760 /* AWSAdapter.swift */ = {isa = PBXFileReference; fileEncoding = 4; lastKnownFileType = sourcecode.swift; path = AWSAdapter.swift; sourceTree = "<group>"; };
		FEC3BD5E19C29E2300184760 /* LocalAdapter.swift */ = {isa = PBXFileReference; fileEncoding = 4; lastKnownFileType = sourcecode.swift; path = LocalAdapter.swift; sourceTree = "<group>"; };
		FEC3BD6119C2C90600184760 /* UIViewControllerExtension.swift */ = {isa = PBXFileReference; fileEncoding = 4; lastKnownFileType = sourcecode.swift; path = UIViewControllerExtension.swift; sourceTree = "<group>"; };
		FEC3BD6319C2CA9300184760 /* ToolsInfo.swift */ = {isa = PBXFileReference; fileEncoding = 4; lastKnownFileType = sourcecode.swift; path = ToolsInfo.swift; sourceTree = "<group>"; };
		FEC3BD6519C2CC5A00184760 /* Tools.json */ = {isa = PBXFileReference; fileEncoding = 4; lastKnownFileType = text.json; path = Tools.json; sourceTree = "<group>"; };
		FEC3BD6719C2CEA500184760 /* RKInfoSyncSystem.swift */ = {isa = PBXFileReference; fileEncoding = 4; lastKnownFileType = sourcecode.swift; path = RKInfoSyncSystem.swift; sourceTree = "<group>"; };
		FEC7734219C43B3F00E15DF2 /* HLListPreview.swift */ = {isa = PBXFileReference; fileEncoding = 4; lastKnownFileType = sourcecode.swift; path = HLListPreview.swift; sourceTree = "<group>"; };
		FEC7734419C43E0300E15DF2 /* HLItemBuilder.swift */ = {isa = PBXFileReference; fileEncoding = 4; lastKnownFileType = sourcecode.swift; path = HLItemBuilder.swift; sourceTree = "<group>"; };
		FECBB5FF19BDFE2800115694 /* RKTableHeaderView.swift */ = {isa = PBXFileReference; fileEncoding = 4; lastKnownFileType = sourcecode.swift; path = RKTableHeaderView.swift; sourceTree = "<group>"; };
		FECBB60119BDFE4100115694 /* RKTableHeaderView.xib */ = {isa = PBXFileReference; fileEncoding = 4; lastKnownFileType = file.xib; path = RKTableHeaderView.xib; sourceTree = "<group>"; };
		FECBB60419BE093B00115694 /* RKNumericLabel.swift */ = {isa = PBXFileReference; fileEncoding = 4; lastKnownFileType = sourcecode.swift; path = RKNumericLabel.swift; sourceTree = "<group>"; };
		FEDC98DB19BDB03800CA815F /* UnitConverterViewController.swift */ = {isa = PBXFileReference; fileEncoding = 4; lastKnownFileType = sourcecode.swift; path = UnitConverterViewController.swift; sourceTree = "<group>"; };
		FEDC98DD19BDDEA800CA815F /* UnitConverterTableViewCell.swift */ = {isa = PBXFileReference; fileEncoding = 4; lastKnownFileType = sourcecode.swift; path = UnitConverterTableViewCell.swift; sourceTree = "<group>"; };
		FEE0CEFB19C4AB3D0039A8E9 /* SizeConverterViewController.swift */ = {isa = PBXFileReference; fileEncoding = 4; lastKnownFileType = sourcecode.swift; path = SizeConverterViewController.swift; sourceTree = "<group>"; };
		FEE0CEFD19C4AC720039A8E9 /* SizeConverterTableViewCell.swift */ = {isa = PBXFileReference; fileEncoding = 4; lastKnownFileType = sourcecode.swift; path = SizeConverterTableViewCell.swift; sourceTree = "<group>"; };
/* End PBXFileReference section */

/* Begin PBXFrameworksBuildPhase section */
		FE5B1F8719B4033B00842C3D /* Frameworks */ = {
			isa = PBXFrameworksBuildPhase;
			buildActionMask = 2147483647;
			files = (
			);
			runOnlyForDeploymentPostprocessing = 0;
		};
		FE5B1F9919B4033B00842C3D /* Frameworks */ = {
			isa = PBXFrameworksBuildPhase;
			buildActionMask = 2147483647;
			files = (
			);
			runOnlyForDeploymentPostprocessing = 0;
		};
/* End PBXFrameworksBuildPhase section */

/* Begin PBXGroup section */
		FE4E2B0619C48FC00096AD86 /* Article */ = {
			isa = PBXGroup;
			children = (
				FE4E2AFE19C48F8E0096AD86 /* ArticleTableViewCell.swift */,
				FE4E2B0019C48FA40096AD86 /* ArticleTableViewSectionCell.swift */,
				FE4E2B0219C48FAF0096AD86 /* ArticleTableViewGraphCell.swift */,
				FE4E2B0419C48FBD0096AD86 /* ArticleTableViewItemCell.swift */,
			);
			name = Article;
			sourceTree = "<group>";
		};
		FE4E2B0719C48FC90096AD86 /* List */ = {
			isa = PBXGroup;
			children = (
				FE8D81AB19C448AF00CE6174 /* ListTableViewCell.swift */,
				FE8D81B019C44ADE00CE6174 /* ListTableView88Cell.swift */,
				FE8D81B219C44B1B00CE6174 /* ListTableView64Cell.swift */,
				FE8D81B419C44B2900CE6174 /* ListTableView54Cell.swift */,
				FE8D81B619C44B3300CE6174 /* ListTableView44Cell.swift */,
			);
			name = List;
			sourceTree = "<group>";
		};
		FE57619019BD499100574EE1 /* Local */ = {
			isa = PBXGroup;
			children = (
				FEC3BD6519C2CC5A00184760 /* Tools.json */,
				FE7EE12019C3F5A4008169D1 /* 大学排名 */,
			);
			name = Local;
			sourceTree = "<group>";
		};
		FE5B1F8119B4033B00842C3D = {
			isa = PBXGroup;
			children = (
				FE5B1F8C19B4033B00842C3D /* Wassail-Client-iOS */,
				FE5B1F9F19B4033B00842C3D /* Wassail-Client-iOSTests */,
				FE5B1F8B19B4033B00842C3D /* Products */,
			);
			sourceTree = "<group>";
		};
		FE5B1F8B19B4033B00842C3D /* Products */ = {
			isa = PBXGroup;
			children = (
				FE5B1F8A19B4033B00842C3D /* Wassail-Client-iOS.app */,
				FE5B1F9C19B4033B00842C3D /* Wassail-Client-iOSTests.xctest */,
			);
			name = Products;
			sourceTree = "<group>";
		};
		FE5B1F8C19B4033B00842C3D /* Wassail-Client-iOS */ = {
			isa = PBXGroup;
			children = (
				FE5B1F8F19B4033B00842C3D /* AppDelegate.swift */,
				FEC8649119BD3C98005087A3 /* View */,
				FEC8649319BD3CDF005087A3 /* View Controller */,
				FEC8649419BD3CF4005087A3 /* Info */,
				FEC3BD4819C2896E00184760 /* Model */,
				FEC8649519BD3D06005087A3 /* Accessor */,
				FEC3BD5619C29D1D00184760 /* Mapper */,
				FEC8649619BD3DE4005087A3 /* RKISS */,
				FEC3BD5719C29D5B00184760 /* Adapter */,
				FEC8649719BD3DF1005087A3 /* Resource */,
				FE5B1F8D19B4033B00842C3D /* Supporting Files */,
			);
			path = "Wassail-Client-iOS";
			sourceTree = "<group>";
		};
		FE5B1F8D19B4033B00842C3D /* Supporting Files */ = {
			isa = PBXGroup;
			children = (
				FE5B1F8E19B4033B00842C3D /* Info.plist */,
			);
			name = "Supporting Files";
			sourceTree = "<group>";
		};
		FE5B1F9F19B4033B00842C3D /* Wassail-Client-iOSTests */ = {
			isa = PBXGroup;
			children = (
				FE5B1FA219B4033B00842C3D /* Wassail_Client_iOSTests.swift */,
				FE5B1FA019B4033B00842C3D /* Supporting Files */,
			);
			path = "Wassail-Client-iOSTests";
			sourceTree = "<group>";
		};
		FE5B1FA019B4033B00842C3D /* Supporting Files */ = {
			isa = PBXGroup;
			children = (
				FE5B1FA119B4033B00842C3D /* Info.plist */,
			);
			name = "Supporting Files";
			sourceTree = "<group>";
		};
		FE7EE12019C3F5A4008169D1 /* 大学排名 */ = {
			isa = PBXGroup;
			children = (
				FEC3BD4F19C2945800184760 /* 大学排名.json */,
				FE8D81B819C467E100CE6174 /* 1世界大学排名.json */,
				FE496C0619C480AC0003A29A /* 1.1.4权威解读泰晤士报大学排名 （互联网）.json */,
			);
			name = "大学排名";
			sourceTree = "<group>";
		};
		FE8D81AD19C448B900CE6174 /* Item */ = {
			isa = PBXGroup;
			children = (
				FE4E2B0719C48FC90096AD86 /* List */,
				FE4E2B0619C48FC00096AD86 /* Article */,
			);
			name = Item;
			sourceTree = "<group>";
		};
		FEA5A90919BD563F0048AF6A /* Tools */ = {
			isa = PBXGroup;
			children = (
				FEA5A90B19BD565D0048AF6A /* ToolsTableViewCell.swift */,
				FEDC98DD19BDDEA800CA815F /* UnitConverterTableViewCell.swift */,
				FEE0CEFD19C4AC720039A8E9 /* SizeConverterTableViewCell.swift */,
			);
			name = Tools;
			sourceTree = "<group>";
		};
		FEA5A90A19BD56470048AF6A /* Tools */ = {
			isa = PBXGroup;
			children = (
				FE5761BC19BD4B6C00574EE1 /* ToolsViewController.swift */,
				FE4294D519C5DDD40078EFE4 /* TipsCalculatorViewController.swift */,
				FEDC98DB19BDB03800CA815F /* UnitConverterViewController.swift */,
				FEE0CEFB19C4AB3D0039A8E9 /* SizeConverterViewController.swift */,
			);
			name = Tools;
			sourceTree = "<group>";
		};
		FEC3BD4819C2896E00184760 /* Model */ = {
			isa = PBXGroup;
			children = (
				FEC3BD4D19C28AD400184760 /* HLItem.swift */,
				FEC7734419C43E0300E15DF2 /* HLItemBuilder.swift */,
				FE8D81AE19C4499600CE6174 /* HLItemPreview.swift */,
				FEC3BD4919C289AD00184760 /* HLList.swift */,
				FEC7734219C43B3F00E15DF2 /* HLListPreview.swift */,
				FE8D81BA19C476E200CE6174 /* HLArticle.swift */,
				FE8D81BC19C47A0000CE6174 /* HLArticlePreview.swift */,
			);
			name = Model;
			sourceTree = "<group>";
		};
		FEC3BD5319C2987800184760 /* Item */ = {
			isa = PBXGroup;
			children = (
				FEC3BD5119C2948300184760 /* ListViewController.swift */,
				FE496C0419C47E8F0003A29A /* ArticleViewController.swift */,
			);
			name = Item;
			sourceTree = "<group>";
		};
		FEC3BD5619C29D1D00184760 /* Mapper */ = {
			isa = PBXGroup;
			children = (
				FEC3BD5A19C29DE300184760 /* DefaultMapper.swift */,
			);
			name = Mapper;
			sourceTree = "<group>";
		};
		FEC3BD5719C29D5B00184760 /* Adapter */ = {
			isa = PBXGroup;
			children = (
				FEC3BD5C19C29E0A00184760 /* AWSAdapter.swift */,
				FEC3BD5E19C29E2300184760 /* LocalAdapter.swift */,
			);
			name = Adapter;
			sourceTree = "<group>";
		};
		FEC3BD6019C2C8A800184760 /* Cocoa Touch Externsion */ = {
			isa = PBXGroup;
			children = (
				FEC3BD6119C2C90600184760 /* UIViewControllerExtension.swift */,
				FEC37C7E19C2E1AF00CBD2C9 /* UIColorExtension.swift */,
			);
			name = "Cocoa Touch Externsion";
			sourceTree = "<group>";
		};
		FEC8649119BD3C98005087A3 /* View */ = {
			isa = PBXGroup;
			children = (
				FE5B1F9619B4033B00842C3D /* Images.xcassets */,
				FE5B1F9319B4033B00842C3D /* Main.storyboard */,
				FE8D81AD19C448B900CE6174 /* Item */,
				FEA5A90919BD563F0048AF6A /* Tools */,
				FECBB5FE19BDFDE200115694 /* RKUIKit */,
			);
			name = View;
			sourceTree = "<group>";
		};
		FEC8649319BD3CDF005087A3 /* View Controller */ = {
			isa = PBXGroup;
			children = (
				FEC3BD5319C2987800184760 /* Item */,
				FEA5A90A19BD56470048AF6A /* Tools */,
				FEC3BD6019C2C8A800184760 /* Cocoa Touch Externsion */,
			);
			name = "View Controller";
			sourceTree = "<group>";
		};
		FEC8649419BD3CF4005087A3 /* Info */ = {
			isa = PBXGroup;
			children = (
				FE496C0219C47D4C0003A29A /* DefaultInfo.swift */,
				FEC3BD6319C2CA9300184760 /* ToolsInfo.swift */,
				FEC3BD5819C29DBA00184760 /* ListInfo.swift */,
			);
			name = Info;
			sourceTree = "<group>";
		};
		FEC8649519BD3D06005087A3 /* Accessor */ = {
			isa = PBXGroup;
			children = (
				FEC3BD5419C298D100184760 /* DefaultAccessor.swift */,
			);
			name = Accessor;
			sourceTree = "<group>";
		};
		FEC8649619BD3DE4005087A3 /* RKISS */ = {
			isa = PBXGroup;
			children = (
				FEC3BD6719C2CEA500184760 /* RKInfoSyncSystem.swift */,
			);
			name = RKISS;
			sourceTree = "<group>";
		};
		FEC8649719BD3DF1005087A3 /* Resource */ = {
			isa = PBXGroup;
			children = (
				FEC8649919BD3DFB005087A3 /* AWS */,
				FEC8649819BD3DF4005087A3 /* Database */,
				FE57619019BD499100574EE1 /* Local */,
			);
			name = Resource;
			sourceTree = "<group>";
		};
		FEC8649819BD3DF4005087A3 /* Database */ = {
			isa = PBXGroup;
			children = (
			);
			name = Database;
			sourceTree = "<group>";
		};
		FEC8649919BD3DFB005087A3 /* AWS */ = {
			isa = PBXGroup;
			children = (
			);
			name = AWS;
			sourceTree = "<group>";
		};
		FECBB5FE19BDFDE200115694 /* RKUIKit */ = {
			isa = PBXGroup;
			children = (
				FECBB60619BE094300115694 /* RKNumericLabel */,
				FECBB60319BDFE5C00115694 /* RKTableHeaderView */,
			);
			name = RKUIKit;
			sourceTree = "<group>";
		};
		FECBB60319BDFE5C00115694 /* RKTableHeaderView */ = {
			isa = PBXGroup;
			children = (
				FECBB5FF19BDFE2800115694 /* RKTableHeaderView.swift */,
				FECBB60119BDFE4100115694 /* RKTableHeaderView.xib */,
			);
			name = RKTableHeaderView;
			sourceTree = "<group>";
		};
		FECBB60619BE094300115694 /* RKNumericLabel */ = {
			isa = PBXGroup;
			children = (
				FECBB60419BE093B00115694 /* RKNumericLabel.swift */,
			);
			name = RKNumericLabel;
			sourceTree = "<group>";
		};
/* End PBXGroup section */

/* Begin PBXNativeTarget section */
		FE5B1F8919B4033B00842C3D /* Wassail-Client-iOS */ = {
			isa = PBXNativeTarget;
			buildConfigurationList = FE5B1FA619B4033B00842C3D /* Build configuration list for PBXNativeTarget "Wassail-Client-iOS" */;
			buildPhases = (
				FE5B1F8619B4033B00842C3D /* Sources */,
				FE5B1F8719B4033B00842C3D /* Frameworks */,
				FE5B1F8819B4033B00842C3D /* Resources */,
			);
			buildRules = (
			);
			dependencies = (
			);
			name = "Wassail-Client-iOS";
			productName = "Wassail-Client-iOS";
			productReference = FE5B1F8A19B4033B00842C3D /* Wassail-Client-iOS.app */;
			productType = "com.apple.product-type.application";
		};
		FE5B1F9B19B4033B00842C3D /* Wassail-Client-iOSTests */ = {
			isa = PBXNativeTarget;
			buildConfigurationList = FE5B1FA919B4033B00842C3D /* Build configuration list for PBXNativeTarget "Wassail-Client-iOSTests" */;
			buildPhases = (
				FE5B1F9819B4033B00842C3D /* Sources */,
				FE5B1F9919B4033B00842C3D /* Frameworks */,
				FE5B1F9A19B4033B00842C3D /* Resources */,
			);
			buildRules = (
			);
			dependencies = (
				FE5B1F9E19B4033B00842C3D /* PBXTargetDependency */,
			);
			name = "Wassail-Client-iOSTests";
			productName = "Wassail-Client-iOSTests";
			productReference = FE5B1F9C19B4033B00842C3D /* Wassail-Client-iOSTests.xctest */;
			productType = "com.apple.product-type.bundle.unit-test";
		};
/* End PBXNativeTarget section */

/* Begin PBXProject section */
		FE5B1F8219B4033B00842C3D /* Project object */ = {
			isa = PBXProject;
			attributes = {
				LastUpgradeCheck = 0600;
				ORGANIZATIONNAME = Haile;
				TargetAttributes = {
					FE5B1F8919B4033B00842C3D = {
						CreatedOnToolsVersion = 6.0;
					};
					FE5B1F9B19B4033B00842C3D = {
						CreatedOnToolsVersion = 6.0;
						TestTargetID = FE5B1F8919B4033B00842C3D;
					};
				};
			};
			buildConfigurationList = FE5B1F8519B4033B00842C3D /* Build configuration list for PBXProject "Wassail-Client-iOS" */;
			compatibilityVersion = "Xcode 3.2";
			developmentRegion = English;
			hasScannedForEncodings = 0;
			knownRegions = (
				en,
				Base,
			);
			mainGroup = FE5B1F8119B4033B00842C3D;
			productRefGroup = FE5B1F8B19B4033B00842C3D /* Products */;
			projectDirPath = "";
			projectRoot = "";
			targets = (
				FE5B1F8919B4033B00842C3D /* Wassail-Client-iOS */,
				FE5B1F9B19B4033B00842C3D /* Wassail-Client-iOSTests */,
			);
		};
/* End PBXProject section */

/* Begin PBXResourcesBuildPhase section */
		FE5B1F8819B4033B00842C3D /* Resources */ = {
			isa = PBXResourcesBuildPhase;
			buildActionMask = 2147483647;
			files = (
				FEC3BD5019C2945800184760 /* 大学排名.json in Resources */,
				FE496C0719C480AC0003A29A /* 1.1.4权威解读泰晤士报大学排名 （互联网）.json in Resources */,
				FECBB60219BDFE4100115694 /* RKTableHeaderView.xib in Resources */,
				FE5B1F9519B4033B00842C3D /* Main.storyboard in Resources */,
				FE5B1F9719B4033B00842C3D /* Images.xcassets in Resources */,
				FEC3BD6619C2CC5A00184760 /* Tools.json in Resources */,
				FE8D81B919C467E100CE6174 /* 1世界大学排名.json in Resources */,
			);
			runOnlyForDeploymentPostprocessing = 0;
		};
		FE5B1F9A19B4033B00842C3D /* Resources */ = {
			isa = PBXResourcesBuildPhase;
			buildActionMask = 2147483647;
			files = (
			);
			runOnlyForDeploymentPostprocessing = 0;
		};
/* End PBXResourcesBuildPhase section */

/* Begin PBXSourcesBuildPhase section */
		FE5B1F8619B4033B00842C3D /* Sources */ = {
			isa = PBXSourcesBuildPhase;
			buildActionMask = 2147483647;
			files = (
				FE8D81B719C44B3300CE6174 /* ListTableView44Cell.swift in Sources */,
				FEC3BD5B19C29DE300184760 /* DefaultMapper.swift in Sources */,
				FE8D81BB19C476E200CE6174 /* HLArticle.swift in Sources */,
				FEC3BD4E19C28AD400184760 /* HLItem.swift in Sources */,
				FEE0CEFE19C4AC720039A8E9 /* SizeConverterTableViewCell.swift in Sources */,
				FE8D81AC19C448AF00CE6174 /* ListTableViewCell.swift in Sources */,
				FE5761BD19BD4B6C00574EE1 /* ToolsViewController.swift in Sources */,
				FEDC98DC19BDB03800CA815F /* UnitConverterViewController.swift in Sources */,
				FE496C0319C47D4C0003A29A /* DefaultInfo.swift in Sources */,
				FEC7734319C43B3F00E15DF2 /* HLListPreview.swift in Sources */,
				FE8D81B519C44B2900CE6174 /* ListTableView54Cell.swift in Sources */,
				FE4E2B0119C48FA40096AD86 /* ArticleTableViewSectionCell.swift in Sources */,
				FE8D81B319C44B1B00CE6174 /* ListTableView64Cell.swift in Sources */,
				FE496C0519C47E8F0003A29A /* ArticleViewController.swift in Sources */,
				FE4294D619C5DDD40078EFE4 /* TipsCalculatorViewController.swift in Sources */,
				FE4E2B0319C48FAF0096AD86 /* ArticleTableViewGraphCell.swift in Sources */,
				FE8D81AF19C4499600CE6174 /* HLItemPreview.swift in Sources */,
				FEC37C7F19C2E1AF00CBD2C9 /* UIColorExtension.swift in Sources */,
				FEC3BD6219C2C90600184760 /* UIViewControllerExtension.swift in Sources */,
				FEA5A90C19BD565D0048AF6A /* ToolsTableViewCell.swift in Sources */,
				FEDC98DE19BDDEA800CA815F /* UnitConverterTableViewCell.swift in Sources */,
				FECBB60019BDFE2800115694 /* RKTableHeaderView.swift in Sources */,
				FEC3BD5519C298D100184760 /* DefaultAccessor.swift in Sources */,
				FEC3BD5F19C29E2300184760 /* LocalAdapter.swift in Sources */,
				FEC7734519C43E0300E15DF2 /* HLItemBuilder.swift in Sources */,
				FEC3BD6419C2CA9300184760 /* ToolsInfo.swift in Sources */,
				FECBB60519BE093B00115694 /* RKNumericLabel.swift in Sources */,
				FEC3BD6819C2CEA500184760 /* RKInfoSyncSystem.swift in Sources */,
				FE4E2B0519C48FBD0096AD86 /* ArticleTableViewItemCell.swift in Sources */,
				FEC3BD5D19C29E0A00184760 /* AWSAdapter.swift in Sources */,
				FE8D81B119C44ADE00CE6174 /* ListTableView88Cell.swift in Sources */,
				FE5B1F9019B4033B00842C3D /* AppDelegate.swift in Sources */,
				FEE0CEFC19C4AB3D0039A8E9 /* SizeConverterViewController.swift in Sources */,
				FEC3BD5919C29DBA00184760 /* ListInfo.swift in Sources */,
				FE4E2AFF19C48F8E0096AD86 /* ArticleTableViewCell.swift in Sources */,
				FEC3BD5219C2948300184760 /* ListViewController.swift in Sources */,
				FE8D81BD19C47A0000CE6174 /* HLArticlePreview.swift in Sources */,
				FEC3BD4A19C289AD00184760 /* HLList.swift in Sources */,
			);
			runOnlyForDeploymentPostprocessing = 0;
		};
		FE5B1F9819B4033B00842C3D /* Sources */ = {
			isa = PBXSourcesBuildPhase;
			buildActionMask = 2147483647;
			files = (
				FE5B1FA319B4033B00842C3D /* Wassail_Client_iOSTests.swift in Sources */,
			);
			runOnlyForDeploymentPostprocessing = 0;
		};
/* End PBXSourcesBuildPhase section */

/* Begin PBXTargetDependency section */
		FE5B1F9E19B4033B00842C3D /* PBXTargetDependency */ = {
			isa = PBXTargetDependency;
			target = FE5B1F8919B4033B00842C3D /* Wassail-Client-iOS */;
			targetProxy = FE5B1F9D19B4033B00842C3D /* PBXContainerItemProxy */;
		};
/* End PBXTargetDependency section */

/* Begin PBXVariantGroup section */
		FE5B1F9319B4033B00842C3D /* Main.storyboard */ = {
			isa = PBXVariantGroup;
			children = (
				FE5B1F9419B4033B00842C3D /* Base */,
			);
			name = Main.storyboard;
			sourceTree = "<group>";
		};
/* End PBXVariantGroup section */

/* Begin XCBuildConfiguration section */
		FE5B1FA419B4033B00842C3D /* Debug */ = {
			isa = XCBuildConfiguration;
			buildSettings = {
				ALWAYS_SEARCH_USER_PATHS = NO;
				CLANG_CXX_LANGUAGE_STANDARD = "gnu++0x";
				CLANG_CXX_LIBRARY = "libc++";
				CLANG_ENABLE_MODULES = YES;
				CLANG_ENABLE_OBJC_ARC = YES;
				CLANG_WARN_BOOL_CONVERSION = YES;
				CLANG_WARN_CONSTANT_CONVERSION = YES;
				CLANG_WARN_DIRECT_OBJC_ISA_USAGE = YES_ERROR;
				CLANG_WARN_EMPTY_BODY = YES;
				CLANG_WARN_ENUM_CONVERSION = YES;
				CLANG_WARN_INT_CONVERSION = YES;
				CLANG_WARN_OBJC_ROOT_CLASS = YES_ERROR;
				CLANG_WARN_UNREACHABLE_CODE = YES;
				CLANG_WARN__DUPLICATE_METHOD_MATCH = YES;
				"CODE_SIGN_IDENTITY[sdk=iphoneos*]" = "iPhone Developer";
				COPY_PHASE_STRIP = NO;
				ENABLE_STRICT_OBJC_MSGSEND = YES;
				GCC_C_LANGUAGE_STANDARD = gnu99;
				GCC_DYNAMIC_NO_PIC = NO;
				GCC_OPTIMIZATION_LEVEL = 0;
				GCC_PREPROCESSOR_DEFINITIONS = (
					"DEBUG=1",
					"$(inherited)",
				);
				GCC_SYMBOLS_PRIVATE_EXTERN = NO;
				GCC_WARN_64_TO_32_BIT_CONVERSION = YES;
				GCC_WARN_ABOUT_RETURN_TYPE = YES_ERROR;
				GCC_WARN_UNDECLARED_SELECTOR = YES;
				GCC_WARN_UNINITIALIZED_AUTOS = YES_AGGRESSIVE;
				GCC_WARN_UNUSED_FUNCTION = YES;
				GCC_WARN_UNUSED_VARIABLE = YES;
				IPHONEOS_DEPLOYMENT_TARGET = 8.0;
				MTL_ENABLE_DEBUG_INFO = YES;
				ONLY_ACTIVE_ARCH = YES;
				SDKROOT = iphoneos;
				SWIFT_OPTIMIZATION_LEVEL = "-Onone";
			};
			name = Debug;
		};
		FE5B1FA519B4033B00842C3D /* Release */ = {
			isa = XCBuildConfiguration;
			buildSettings = {
				ALWAYS_SEARCH_USER_PATHS = NO;
				CLANG_CXX_LANGUAGE_STANDARD = "gnu++0x";
				CLANG_CXX_LIBRARY = "libc++";
				CLANG_ENABLE_MODULES = YES;
				CLANG_ENABLE_OBJC_ARC = YES;
				CLANG_WARN_BOOL_CONVERSION = YES;
				CLANG_WARN_CONSTANT_CONVERSION = YES;
				CLANG_WARN_DIRECT_OBJC_ISA_USAGE = YES_ERROR;
				CLANG_WARN_EMPTY_BODY = YES;
				CLANG_WARN_ENUM_CONVERSION = YES;
				CLANG_WARN_INT_CONVERSION = YES;
				CLANG_WARN_OBJC_ROOT_CLASS = YES_ERROR;
				CLANG_WARN_UNREACHABLE_CODE = YES;
				CLANG_WARN__DUPLICATE_METHOD_MATCH = YES;
				"CODE_SIGN_IDENTITY[sdk=iphoneos*]" = "iPhone Developer";
				COPY_PHASE_STRIP = YES;
				ENABLE_NS_ASSERTIONS = NO;
				ENABLE_STRICT_OBJC_MSGSEND = YES;
				GCC_C_LANGUAGE_STANDARD = gnu99;
				GCC_WARN_64_TO_32_BIT_CONVERSION = YES;
				GCC_WARN_ABOUT_RETURN_TYPE = YES_ERROR;
				GCC_WARN_UNDECLARED_SELECTOR = YES;
				GCC_WARN_UNINITIALIZED_AUTOS = YES_AGGRESSIVE;
				GCC_WARN_UNUSED_FUNCTION = YES;
				GCC_WARN_UNUSED_VARIABLE = YES;
				IPHONEOS_DEPLOYMENT_TARGET = 8.0;
				MTL_ENABLE_DEBUG_INFO = NO;
				SDKROOT = iphoneos;
				VALIDATE_PRODUCT = YES;
			};
			name = Release;
		};
		FE5B1FA719B4033B00842C3D /* Debug */ = {
			isa = XCBuildConfiguration;
			buildSettings = {
				ASSETCATALOG_COMPILER_APPICON_NAME = AppIcon;
				ASSETCATALOG_COMPILER_LAUNCHIMAGE_NAME = LaunchImage;
				INFOPLIST_FILE = "Wassail-Client-iOS/Info.plist";
				IPHONEOS_DEPLOYMENT_TARGET = 7.0;
				LD_RUNPATH_SEARCH_PATHS = "$(inherited) @executable_path/Frameworks";
				PRODUCT_NAME = "$(TARGET_NAME)";
			};
			name = Debug;
		};
		FE5B1FA819B4033B00842C3D /* Release */ = {
			isa = XCBuildConfiguration;
			buildSettings = {
				ASSETCATALOG_COMPILER_APPICON_NAME = AppIcon;
				ASSETCATALOG_COMPILER_LAUNCHIMAGE_NAME = LaunchImage;
				INFOPLIST_FILE = "Wassail-Client-iOS/Info.plist";
				IPHONEOS_DEPLOYMENT_TARGET = 7.0;
				LD_RUNPATH_SEARCH_PATHS = "$(inherited) @executable_path/Frameworks";
				PRODUCT_NAME = "$(TARGET_NAME)";
			};
			name = Release;
		};
		FE5B1FAA19B4033B00842C3D /* Debug */ = {
			isa = XCBuildConfiguration;
			buildSettings = {
				BUNDLE_LOADER = "$(TEST_HOST)";
				FRAMEWORK_SEARCH_PATHS = (
					"$(SDKROOT)/Developer/Library/Frameworks",
					"$(inherited)",
				);
				GCC_PREPROCESSOR_DEFINITIONS = (
					"DEBUG=1",
					"$(inherited)",
				);
				INFOPLIST_FILE = "Wassail-Client-iOSTests/Info.plist";
				LD_RUNPATH_SEARCH_PATHS = "$(inherited) @executable_path/Frameworks @loader_path/Frameworks";
				PRODUCT_NAME = "$(TARGET_NAME)";
				TEST_HOST = "$(BUILT_PRODUCTS_DIR)/Wassail-Client-iOS.app/Wassail-Client-iOS";
			};
			name = Debug;
		};
		FE5B1FAB19B4033B00842C3D /* Release */ = {
			isa = XCBuildConfiguration;
			buildSettings = {
				BUNDLE_LOADER = "$(TEST_HOST)";
				FRAMEWORK_SEARCH_PATHS = (
					"$(SDKROOT)/Developer/Library/Frameworks",
					"$(inherited)",
				);
				INFOPLIST_FILE = "Wassail-Client-iOSTests/Info.plist";
				LD_RUNPATH_SEARCH_PATHS = "$(inherited) @executable_path/Frameworks @loader_path/Frameworks";
				PRODUCT_NAME = "$(TARGET_NAME)";
				TEST_HOST = "$(BUILT_PRODUCTS_DIR)/Wassail-Client-iOS.app/Wassail-Client-iOS";
			};
			name = Release;
		};
/* End XCBuildConfiguration section */

/* Begin XCConfigurationList section */
		FE5B1F8519B4033B00842C3D /* Build configuration list for PBXProject "Wassail-Client-iOS" */ = {
			isa = XCConfigurationList;
			buildConfigurations = (
				FE5B1FA419B4033B00842C3D /* Debug */,
				FE5B1FA519B4033B00842C3D /* Release */,
			);
			defaultConfigurationIsVisible = 0;
			defaultConfigurationName = Release;
		};
		FE5B1FA619B4033B00842C3D /* Build configuration list for PBXNativeTarget "Wassail-Client-iOS" */ = {
			isa = XCConfigurationList;
			buildConfigurations = (
				FE5B1FA719B4033B00842C3D /* Debug */,
				FE5B1FA819B4033B00842C3D /* Release */,
			);
			defaultConfigurationIsVisible = 0;
			defaultConfigurationName = Release;
		};
		FE5B1FA919B4033B00842C3D /* Build configuration list for PBXNativeTarget "Wassail-Client-iOSTests" */ = {
			isa = XCConfigurationList;
			buildConfigurations = (
				FE5B1FAA19B4033B00842C3D /* Debug */,
				FE5B1FAB19B4033B00842C3D /* Release */,
			);
			defaultConfigurationIsVisible = 0;
			defaultConfigurationName = Release;
		};
/* End XCConfigurationList section */
	};
	rootObject = FE5B1F8219B4033B00842C3D /* Project object */;
}
